// !$*UTF8*$!
{
	archiveVersion = 1;
	classes = {
	};
	objectVersion = 50;
	objects = {

/* Begin PBXBuildFile section */
		088C71A422204D7D0063A1AE /* ItemTableViewCell.swift in Sources */ = {isa = PBXBuildFile; fileRef = 088C71A322204D7D0063A1AE /* ItemTableViewCell.swift */; };
		088C71A62220508A0063A1AE /* DataModel.swift in Sources */ = {isa = PBXBuildFile; fileRef = 088C71A52220508A0063A1AE /* DataModel.swift */; };
		08971A40221FEEFB006190D8 /* AppDelegate.swift in Sources */ = {isa = PBXBuildFile; fileRef = 08971A3F221FEEFB006190D8 /* AppDelegate.swift */; };
		08971A42221FEEFB006190D8 /* ViewController.swift in Sources */ = {isa = PBXBuildFile; fileRef = 08971A41221FEEFB006190D8 /* ViewController.swift */; };
		08971A45221FEEFB006190D8 /* Main.storyboard in Resources */ = {isa = PBXBuildFile; fileRef = 08971A43221FEEFB006190D8 /* Main.storyboard */; };
		08971A47221FEEFC006190D8 /* Assets.xcassets in Resources */ = {isa = PBXBuildFile; fileRef = 08971A46221FEEFC006190D8 /* Assets.xcassets */; };
		08971A4A221FEEFC006190D8 /* LaunchScreen.storyboard in Resources */ = {isa = PBXBuildFile; fileRef = 08971A48221FEEFC006190D8 /* LaunchScreen.storyboard */; };
		08971A5D22202DC9006190D8 /* AddItemViewController.swift in Sources */ = {isa = PBXBuildFile; fileRef = 08971A5C22202DC9006190D8 /* AddItemViewController.swift */; };
		08971A5F22203665006190D8 /* Items.storyboard in Resources */ = {isa = PBXBuildFile; fileRef = 08971A5E22203665006190D8 /* Items.storyboard */; };
		08AFE7EE223FFA4400CD079D /* CategoriesTableViewController.swift in Sources */ = {isa = PBXBuildFile; fileRef = 08AFE7ED223FFA4400CD079D /* CategoriesTableViewController.swift */; };
		08B252B02225B1CD007915B3 /* models.xcdatamodeld in Sources */ = {isa = PBXBuildFile; fileRef = 08B252AE2225B1CD007915B3 /* models.xcdatamodeld */; };
		08B252B22225C1F9007915B3 /* DataBase.swift in Sources */ = {isa = PBXBuildFile; fileRef = 08B252B12225C1F9007915B3 /* DataBase.swift */; };
/* End PBXBuildFile section */

/* Begin PBXFileReference section */
		088C71A322204D7D0063A1AE /* ItemTableViewCell.swift */ = {isa = PBXFileReference; lastKnownFileType = sourcecode.swift; path = ItemTableViewCell.swift; sourceTree = "<group>"; };
		088C71A52220508A0063A1AE /* DataModel.swift */ = {isa = PBXFileReference; lastKnownFileType = sourcecode.swift; path = DataModel.swift; sourceTree = "<group>"; };
		08971A3C221FEEFB006190D8 /* ToDoListv1.app */ = {isa = PBXFileReference; explicitFileType = wrapper.application; includeInIndex = 0; path = ToDoListv1.app; sourceTree = BUILT_PRODUCTS_DIR; };
		08971A3F221FEEFB006190D8 /* AppDelegate.swift */ = {isa = PBXFileReference; lastKnownFileType = sourcecode.swift; path = AppDelegate.swift; sourceTree = "<group>"; };
		08971A41221FEEFB006190D8 /* ViewController.swift */ = {isa = PBXFileReference; lastKnownFileType = sourcecode.swift; path = ViewController.swift; sourceTree = "<group>"; };
		08971A44221FEEFB006190D8 /* Base */ = {isa = PBXFileReference; lastKnownFileType = file.storyboard; name = Base; path = Base.lproj/Main.storyboard; sourceTree = "<group>"; };
		08971A46221FEEFC006190D8 /* Assets.xcassets */ = {isa = PBXFileReference; lastKnownFileType = folder.assetcatalog; path = Assets.xcassets; sourceTree = "<group>"; };
		08971A49221FEEFC006190D8 /* Base */ = {isa = PBXFileReference; lastKnownFileType = file.storyboard; name = Base; path = Base.lproj/LaunchScreen.storyboard; sourceTree = "<group>"; };
		08971A4B221FEEFC006190D8 /* Info.plist */ = {isa = PBXFileReference; lastKnownFileType = text.plist.xml; path = Info.plist; sourceTree = "<group>"; };
		08971A5C22202DC9006190D8 /* AddItemViewController.swift */ = {isa = PBXFileReference; lastKnownFileType = sourcecode.swift; path = AddItemViewController.swift; sourceTree = "<group>"; };
		08971A5E22203665006190D8 /* Items.storyboard */ = {isa = PBXFileReference; lastKnownFileType = file.storyboard; path = Items.storyboard; sourceTree = "<group>"; };
		08AFE7EC223FDBCC00CD079D /* models 2.xcdatamodel */ = {isa = PBXFileReference; lastKnownFileType = wrapper.xcdatamodel; path = "models 2.xcdatamodel"; sourceTree = "<group>"; };
		08AFE7ED223FFA4400CD079D /* CategoriesTableViewController.swift */ = {isa = PBXFileReference; lastKnownFileType = sourcecode.swift; path = CategoriesTableViewController.swift; sourceTree = "<group>"; };
		08B252AF2225B1CD007915B3 /* models.xcdatamodel */ = {isa = PBXFileReference; lastKnownFileType = wrapper.xcdatamodel; path = models.xcdatamodel; sourceTree = "<group>"; };
		08B252B12225C1F9007915B3 /* DataBase.swift */ = {isa = PBXFileReference; lastKnownFileType = sourcecode.swift; path = DataBase.swift; sourceTree = "<group>"; };
/* End PBXFileReference section */

/* Begin PBXFrameworksBuildPhase section */
		08971A39221FEEFB006190D8 /* Frameworks */ = {
			isa = PBXFrameworksBuildPhase;
			buildActionMask = 2147483647;
			files = (
			);
			runOnlyForDeploymentPostprocessing = 0;
		};
/* End PBXFrameworksBuildPhase section */

/* Begin PBXGroup section */
		08971A33221FEEFB006190D8 = {
			isa = PBXGroup;
			children = (
				08971A3E221FEEFB006190D8 /* ToDoListv1 */,
				08971A3D221FEEFB006190D8 /* Products */,
			);
			sourceTree = "<group>";
		};
		08971A3D221FEEFB006190D8 /* Products */ = {
			isa = PBXGroup;
			children = (
				08971A3C221FEEFB006190D8 /* ToDoListv1.app */,
			);
			name = Products;
			sourceTree = "<group>";
		};
		08971A3E221FEEFB006190D8 /* ToDoListv1 */ = {
			isa = PBXGroup;
			children = (
				08971A552220297A006190D8 /* Controllers */,
				08971A5422202974006190D8 /* Views */,
				08971A532220296D006190D8 /* Models */,
				08971A3F221FEEFB006190D8 /* AppDelegate.swift */,
				08971A46221FEEFC006190D8 /* Assets.xcassets */,
				08971A48221FEEFC006190D8 /* LaunchScreen.storyboard */,
				08971A4B221FEEFC006190D8 /* Info.plist */,
				08B252AE2225B1CD007915B3 /* models.xcdatamodeld */,
			);
			path = ToDoListv1;
			sourceTree = "<group>";
		};
		08971A532220296D006190D8 /* Models */ = {
			isa = PBXGroup;
			children = (
				088C71A322204D7D0063A1AE /* ItemTableViewCell.swift */,
				088C71A52220508A0063A1AE /* DataModel.swift */,
				08B252B12225C1F9007915B3 /* DataBase.swift */,
			);
			path = Models;
			sourceTree = "<group>";
		};
		08971A5422202974006190D8 /* Views */ = {
			isa = PBXGroup;
			children = (
				08971A43221FEEFB006190D8 /* Main.storyboard */,
				08971A5E22203665006190D8 /* Items.storyboard */,
			);
			path = Views;
			sourceTree = "<group>";
		};
		08971A552220297A006190D8 /* Controllers */ = {
			isa = PBXGroup;
			children = (
				08971A41221FEEFB006190D8 /* ViewController.swift */,
				08971A5C22202DC9006190D8 /* AddItemViewController.swift */,
				08AFE7ED223FFA4400CD079D /* CategoriesTableViewController.swift */,
			);
			path = Controllers;
			sourceTree = "<group>";
		};
/* End PBXGroup section */

/* Begin PBXNativeTarget section */
		08971A3B221FEEFB006190D8 /* ToDoListv1 */ = {
			isa = PBXNativeTarget;
			buildConfigurationList = 08971A4E221FEEFC006190D8 /* Build configuration list for PBXNativeTarget "ToDoListv1" */;
			buildPhases = (
				08971A38221FEEFB006190D8 /* Sources */,
				08971A39221FEEFB006190D8 /* Frameworks */,
				08971A3A221FEEFB006190D8 /* Resources */,
			);
			buildRules = (
			);
			dependencies = (
			);
			name = ToDoListv1;
			productName = ToDoListv1;
			productReference = 08971A3C221FEEFB006190D8 /* ToDoListv1.app */;
			productType = "com.apple.product-type.application";
		};
/* End PBXNativeTarget section */

/* Begin PBXProject section */
		08971A34221FEEFB006190D8 /* Project object */ = {
			isa = PBXProject;
			attributes = {
				LastSwiftUpdateCheck = 1010;
				LastUpgradeCheck = 1010;
				ORGANIZATIONNAME = lpiem;
				TargetAttributes = {
					08971A3B221FEEFB006190D8 = {
						CreatedOnToolsVersion = 10.1;
					};
				};
			};
			buildConfigurationList = 08971A37221FEEFB006190D8 /* Build configuration list for PBXProject "ToDoListv1" */;
			compatibilityVersion = "Xcode 9.3";
			developmentRegion = en;
			hasScannedForEncodings = 0;
			knownRegions = (
				en,
				Base,
			);
			mainGroup = 08971A33221FEEFB006190D8;
			productRefGroup = 08971A3D221FEEFB006190D8 /* Products */;
			projectDirPath = "";
			projectRoot = "";
			targets = (
				08971A3B221FEEFB006190D8 /* ToDoListv1 */,
			);
		};
/* End PBXProject section */

/* Begin PBXResourcesBuildPhase section */
		08971A3A221FEEFB006190D8 /* Resources */ = {
			isa = PBXResourcesBuildPhase;
			buildActionMask = 2147483647;
			files = (
				08971A4A221FEEFC006190D8 /* LaunchScreen.storyboard in Resources */,
				08971A5F22203665006190D8 /* Items.storyboard in Resources */,
				08971A47221FEEFC006190D8 /* Assets.xcassets in Resources */,
				08971A45221FEEFB006190D8 /* Main.storyboard in Resources */,
			);
			runOnlyForDeploymentPostprocessing = 0;
		};
/* End PBXResourcesBuildPhase section */

/* Begin PBXSourcesBuildPhase section */
		08971A38221FEEFB006190D8 /* Sources */ = {
			isa = PBXSourcesBuildPhase;
			buildActionMask = 2147483647;
			files = (
				08971A42221FEEFB006190D8 /* ViewController.swift in Sources */,
				08971A5D22202DC9006190D8 /* AddItemViewController.swift in Sources */,
				08B252B02225B1CD007915B3 /* models.xcdatamodeld in Sources */,
				08AFE7EE223FFA4400CD079D /* CategoriesTableViewController.swift in Sources */,
				088C71A422204D7D0063A1AE /* ItemTableViewCell.swift in Sources */,
				08971A40221FEEFB006190D8 /* AppDelegate.swift in Sources */,
				08B252B22225C1F9007915B3 /* DataBase.swift in Sources */,
				088C71A62220508A0063A1AE /* DataModel.swift in Sources */,
			);
			runOnlyForDeploymentPostprocessing = 0;
		};
/* End PBXSourcesBuildPhase section */

/* Begin PBXVariantGroup section */
		08971A43221FEEFB006190D8 /* Main.storyboard */ = {
			isa = PBXVariantGroup;
			children = (
				08971A44221FEEFB006190D8 /* Base */,
			);
			name = Main.storyboard;
			sourceTree = "<group>";
		};
		08971A48221FEEFC006190D8 /* LaunchScreen.storyboard */ = {
			isa = PBXVariantGroup;
			children = (
				08971A49221FEEFC006190D8 /* Base */,
			);
			name = LaunchScreen.storyboard;
			sourceTree = "<group>";
		};
/* End PBXVariantGroup section */

/* Begin XCBuildConfiguration section */
		08971A4C221FEEFC006190D8 /* Debug */ = {
			isa = XCBuildConfiguration;
			buildSettings = {
				ALWAYS_SEARCH_USER_PATHS = NO;
				CLANG_ANALYZER_NONNULL = YES;
				CLANG_ANALYZER_NUMBER_OBJECT_CONVERSION = YES_AGGRESSIVE;
				CLANG_CXX_LANGUAGE_STANDARD = "gnu++14";
				CLANG_CXX_LIBRARY = "libc++";
				CLANG_ENABLE_MODULES = YES;
				CLANG_ENABLE_OBJC_ARC = YES;
				CLANG_ENABLE_OBJC_WEAK = YES;
				CLANG_WARN_BLOCK_CAPTURE_AUTORELEASING = YES;
				CLANG_WARN_BOOL_CONVERSION = YES;
				CLANG_WARN_COMMA = YES;
				CLANG_WARN_CONSTANT_CONVERSION = YES;
				CLANG_WARN_DEPRECATED_OBJC_IMPLEMENTATIONS = YES;
				CLANG_WARN_DIRECT_OBJC_ISA_USAGE = YES_ERROR;
				CLANG_WARN_DOCUMENTATION_COMMENTS = YES;
				CLANG_WARN_EMPTY_BODY = YES;
				CLANG_WARN_ENUM_CONVERSION = YES;
				CLANG_WARN_INFINITE_RECURSION = YES;
				CLANG_WARN_INT_CONVERSION = YES;
				CLANG_WARN_NON_LITERAL_NULL_CONVERSION = YES;
				CLANG_WARN_OBJC_IMPLICIT_RETAIN_SELF = YES;
				CLANG_WARN_OBJC_LITERAL_CONVERSION = YES;
				CLANG_WARN_OBJC_ROOT_CLASS = YES_ERROR;
				CLANG_WARN_RANGE_LOOP_ANALYSIS = YES;
				CLANG_WARN_STRICT_PROTOTYPES = YES;
				CLANG_WARN_SUSPICIOUS_MOVE = YES;
				CLANG_WARN_UNGUARDED_AVAILABILITY = YES_AGGRESSIVE;
				CLANG_WARN_UNREACHABLE_CODE = YES;
				CLANG_WARN__DUPLICATE_METHOD_MATCH = YES;
				CODE_SIGN_IDENTITY = "iPhone Developer";
				COPY_PHASE_STRIP = NO;
				DEBUG_INFORMATION_FORMAT = dwarf;
				ENABLE_STRICT_OBJC_MSGSEND = YES;
				ENABLE_TESTABILITY = YES;
				GCC_C_LANGUAGE_STANDARD = gnu11;
				GCC_DYNAMIC_NO_PIC = NO;
				GCC_NO_COMMON_BLOCKS = YES;
				GCC_OPTIMIZATION_LEVEL = 0;
				GCC_PREPROCESSOR_DEFINITIONS = (
					"DEBUG=1",
					"$(inherited)",
				);
				GCC_WARN_64_TO_32_BIT_CONVERSION = YES;
				GCC_WARN_ABOUT_RETURN_TYPE = YES_ERROR;
				GCC_WARN_UNDECLARED_SELECTOR = YES;
				GCC_WARN_UNINITIALIZED_AUTOS = YES_AGGRESSIVE;
				GCC_WARN_UNUSED_FUNCTION = YES;
				GCC_WARN_UNUSED_VARIABLE = YES;
				IPHONEOS_DEPLOYMENT_TARGET = 12.1;
				MTL_ENABLE_DEBUG_INFO = INCLUDE_SOURCE;
				MTL_FAST_MATH = YES;
				ONLY_ACTIVE_ARCH = YES;
				SDKROOT = iphoneos;
				SWIFT_ACTIVE_COMPILATION_CONDITIONS = DEBUG;
				SWIFT_OPTIMIZATION_LEVEL = "-Onone";
			};
			name = Debug;
		};
		08971A4D221FEEFC006190D8 /* Release */ = {
			isa = XCBuildConfiguration;
			buildSettings = {
				ALWAYS_SEARCH_USER_PATHS = NO;
				CLANG_ANALYZER_NONNULL = YES;
				CLANG_ANALYZER_NUMBER_OBJECT_CONVERSION = YES_AGGRESSIVE;
				CLANG_CXX_LANGUAGE_STANDARD = "gnu++14";
				CLANG_CXX_LIBRARY = "libc++";
				CLANG_ENABLE_MODULES = YES;
				CLANG_ENABLE_OBJC_ARC = YES;
				CLANG_ENABLE_OBJC_WEAK = YES;
				CLANG_WARN_BLOCK_CAPTURE_AUTORELEASING = YES;
				CLANG_WARN_BOOL_CONVERSION = YES;
				CLANG_WARN_COMMA = YES;
				CLANG_WARN_CONSTANT_CONVERSION = YES;
				CLANG_WARN_DEPRECATED_OBJC_IMPLEMENTATIONS = YES;
				CLANG_WARN_DIRECT_OBJC_ISA_USAGE = YES_ERROR;
				CLANG_WARN_DOCUMENTATION_COMMENTS = YES;
				CLANG_WARN_EMPTY_BODY = YES;
				CLANG_WARN_ENUM_CONVERSION = YES;
				CLANG_WARN_INFINITE_RECURSION = YES;
				CLANG_WARN_INT_CONVERSION = YES;
				CLANG_WARN_NON_LITERAL_NULL_CONVERSION = YES;
				CLANG_WARN_OBJC_IMPLICIT_RETAIN_SELF = YES;
				CLANG_WARN_OBJC_LITERAL_CONVERSION = YES;
				CLANG_WARN_OBJC_ROOT_CLASS = YES_ERROR;
				CLANG_WARN_RANGE_LOOP_ANALYSIS = YES;
				CLANG_WARN_STRICT_PROTOTYPES = YES;
				CLANG_WARN_SUSPICIOUS_MOVE = YES;
				CLANG_WARN_UNGUARDED_AVAILABILITY = YES_AGGRESSIVE;
				CLANG_WARN_UNREACHABLE_CODE = YES;
				CLANG_WARN__DUPLICATE_METHOD_MATCH = YES;
				CODE_SIGN_IDENTITY = "iPhone Developer";
				COPY_PHASE_STRIP = NO;
				DEBUG_INFORMATION_FORMAT = "dwarf-with-dsym";
				ENABLE_NS_ASSERTIONS = NO;
				ENABLE_STRICT_OBJC_MSGSEND = YES;
				GCC_C_LANGUAGE_STANDARD = gnu11;
				GCC_NO_COMMON_BLOCKS = YES;
				GCC_WARN_64_TO_32_BIT_CONVERSION = YES;
				GCC_WARN_ABOUT_RETURN_TYPE = YES_ERROR;
				GCC_WARN_UNDECLARED_SELECTOR = YES;
				GCC_WARN_UNINITIALIZED_AUTOS = YES_AGGRESSIVE;
				GCC_WARN_UNUSED_FUNCTION = YES;
				GCC_WARN_UNUSED_VARIABLE = YES;
				IPHONEOS_DEPLOYMENT_TARGET = 12.1;
				MTL_ENABLE_DEBUG_INFO = NO;
				MTL_FAST_MATH = YES;
				SDKROOT = iphoneos;
				SWIFT_COMPILATION_MODE = wholemodule;
				SWIFT_OPTIMIZATION_LEVEL = "-O";
				VALIDATE_PRODUCT = YES;
			};
			name = Release;
		};
		08971A4F221FEEFC006190D8 /* Debug */ = {
			isa = XCBuildConfiguration;
			buildSettings = {
				ASSETCATALOG_COMPILER_APPICON_NAME = AppIcon;
				CODE_SIGN_STYLE = Automatic;
				INFOPLIST_FILE = ToDoListv1/Info.plist;
				LD_RUNPATH_SEARCH_PATHS = (
					"$(inherited)",
					"@executable_path/Frameworks",
				);
				PRODUCT_BUNDLE_IDENTIFIER = fr.lpiem.ToDoListv1;
				PRODUCT_NAME = "$(TARGET_NAME)";
				SWIFT_VERSION = 4.2;
				TARGETED_DEVICE_FAMILY = "1,2";
			};
			name = Debug;
		};
		08971A50221FEEFC006190D8 /* Release */ = {
			isa = XCBuildConfiguration;
			buildSettings = {
				ASSETCATALOG_COMPILER_APPICON_NAME = AppIcon;
				CODE_SIGN_STYLE = Automatic;
				INFOPLIST_FILE = ToDoListv1/Info.plist;
				LD_RUNPATH_SEARCH_PATHS = (
					"$(inherited)",
					"@executable_path/Frameworks",
				);
				PRODUCT_BUNDLE_IDENTIFIER = fr.lpiem.ToDoListv1;
				PRODUCT_NAME = "$(TARGET_NAME)";
				SWIFT_VERSION = 4.2;
				TARGETED_DEVICE_FAMILY = "1,2";
			};
			name = Release;
		};
/* End XCBuildConfiguration section */

/* Begin XCConfigurationList section */
		08971A37221FEEFB006190D8 /* Build configuration list for PBXProject "ToDoListv1" */ = {
			isa = XCConfigurationList;
			buildConfigurations = (
				08971A4C221FEEFC006190D8 /* Debug */,
				08971A4D221FEEFC006190D8 /* Release */,
			);
			defaultConfigurationIsVisible = 0;
			defaultConfigurationName = Release;
		};
		08971A4E221FEEFC006190D8 /* Build configuration list for PBXNativeTarget "ToDoListv1" */ = {
			isa = XCConfigurationList;
			buildConfigurations = (
				08971A4F221FEEFC006190D8 /* Debug */,
				08971A50221FEEFC006190D8 /* Release */,
			);
			defaultConfigurationIsVisible = 0;
			defaultConfigurationName = Release;
		};
/* End XCConfigurationList section */

/* Begin XCVersionGroup section */
		08B252AE2225B1CD007915B3 /* models.xcdatamodeld */ = {
			isa = XCVersionGroup;
			children = (
				08AFE7EC223FDBCC00CD079D /* models 2.xcdatamodel */,
				08B252AF2225B1CD007915B3 /* models.xcdatamodel */,
			);
			currentVersion = 08B252AF2225B1CD007915B3 /* models.xcdatamodel */;
			path = models.xcdatamodeld;
			sourceTree = "<group>";
			versionGroupType = wrapper.xcdatamodel;
		};
/* End XCVersionGroup section */
	};
	rootObject = 08971A34221FEEFB006190D8 /* Project object */;
}
